
Microsoft Visual Studio Solution File, Format Version 12.00
# Visual Studio Version 17
VisualStudioVersion = 17.14.36616.10 d17.14
MinimumVisualStudioVersion = 10.0.40219.1
Project("{FAE04EC0-301F-11D3-BF4B-00C04F79EFBC}") = "AppAgency", "AppAgency.csproj", "{2CCDE518-0082-5820-EEB6-CED162D3D706}"
EndProject
Project("{FAE04EC0-301F-11D3-BF4B-00C04F79EFBC}") = "DAL", "..\DAL\DAL.csproj", "{DEB3DC7C-5059-F4AD-2883-65AE6414B1AF}"
EndProject
Project("{FAE04EC0-301F-11D3-BF4B-00C04F79EFBC}") = "Domaine", "..\Domaine\Domaine.csproj", "{A86EA642-DBB7-7073-5D75-A34F71E02090}"
EndProject
Global
	GlobalSection(SolutionConfigurationPlatforms) = preSolution
		Debug|Any CPU = Debug|Any CPU
		Release|Any CPU = Release|Any CPU
	EndGlobalSection
	GlobalSection(ProjectConfigurationPlatforms) = postSolution
		{2CCDE518-0082-5820-EEB6-CED162D3D706}.Debug|Any CPU.ActiveCfg = Debug|Any CPU
		{2CCDE518-0082-5820-EEB6-CED162D3D706}.Debug|Any CPU.Build.0 = Debug|Any CPU
		{2CCDE518-0082-5820-EEB6-CED162D3D706}.Release|Any CPU.ActiveCfg = Release|Any CPU
		{2CCDE518-0082-5820-EEB6-CED162D3D706}.Release|Any CPU.Build.0 = Release|Any CPU
		{DEB3DC7C-5059-F4AD-2883-65AE6414B1AF}.Debug|Any CPU.ActiveCfg = Debug|Any CPU
		{DEB3DC7C-5059-F4AD-2883-65AE6414B1AF}.Debug|Any CPU.Build.0 = Debug|Any CPU
		{DEB3DC7C-5059-F4AD-2883-65AE6414B1AF}.Release|Any CPU.ActiveCfg = Release|Any CPU
		{DEB3DC7C-5059-F4AD-2883-65AE6414B1AF}.Release|Any CPU.Build.0 = Release|Any CPU
		{A86EA642-DBB7-7073-5D75-A34F71E02090}.Debug|Any CPU.ActiveCfg = Debug|Any CPU
		{A86EA642-DBB7-7073-5D75-A34F71E02090}.Debug|Any CPU.Build.0 = Debug|Any CPU
		{A86EA642-DBB7-7073-5D75-A34F71E02090}.Release|Any CPU.ActiveCfg = Release|Any CPU
		{A86EA642-DBB7-7073-5D75-A34F71E02090}.Release|Any CPU.Build.0 = Release|Any CPU
	EndGlobalSection
	GlobalSection(SolutionProperties) = preSolution
		HideSolutionNode = FALSE
	EndGlobalSection
	GlobalSection(ExtensibilityGlobals) = postSolution
		SolutionGuid = {5D66D507-0D61-40EF-891F-B328845A99E3}
	EndGlobalSection
EndGlobal
